
Microsoft Visual Studio Solution File, Format Version 12.00
# Visual Studio 15
VisualStudioVersion = 15.0.27703.2042
MinimumVisualStudioVersion = 10.0.40219.1
Project("{FAE04EC0-301F-11D3-BF4B-00C04F79EFBC}") = "Warhous_II", "Warhous_II\Warhous_II.csproj", "{A5266B0B-945B-4E83-B387-2E7702FDF98F}"
EndProject
Global
	GlobalSection(SolutionConfigurationPlatforms) = preSolution
		Debug|Any CPU = Debug|Any CPU
		Release|Any CPU = Release|Any CPU
	EndGlobalSection
	GlobalSection(ProjectConfigurationPlatforms) = postSolution
		{A5266B0B-945B-4E83-B387-2E7702FDF98F}.Debug|Any CPU.ActiveCfg = Debug|Any CPU
		{A5266B0B-945B-4E83-B387-2E7702FDF98F}.Debug|Any CPU.Build.0 = Debug|Any CPU
		{A5266B0B-945B-4E83-B387-2E7702FDF98F}.Release|Any CPU.ActiveCfg = Release|Any CPU
		{A5266B0B-945B-4E83-B387-2E7702FDF98F}.Release|Any CPU.Build.0 = Release|Any CPU
	EndGlobalSection
	GlobalSection(SolutionProperties) = preSolution
		HideSolutionNode = FALSE
	EndGlobalSection
	GlobalSection(ExtensibilityGlobals) = postSolution
		SolutionGuid = {0AFF8FDD-F72E-4F52-BBC4-ACF63900B5FC}
	EndGlobalSection
EndGlobal
